
Microsoft Visual Studio Solution File, Format Version 12.00
# Visual Studio 15
VisualStudioVersion = 15.0.26403.7
MinimumVisualStudioVersion = 10.0.40219.1
Project("{FAE04EC0-301F-11D3-BF4B-00C04F79EFBC}") = "03. CountSameValuesInArray", "03. CountSameValuesInArray\03. CountSameValuesInArray.csproj", "{DB5B4087-04AC-47FD-873F-9D9C7754ABAA}"
EndProject
Project("{FAE04EC0-301F-11D3-BF4B-00C04F79EFBC}") = "04. AcademyGraduation", "04. AcademyGraduation\04. AcademyGraduation.csproj", "{57F09558-EBAF-42A2-96BB-66A9339202E8}"
EndProject
Project("{FAE04EC0-301F-11D3-BF4B-00C04F79EFBC}") = "01. ParkingLot", "01. ParkingLot\01. ParkingLot.csproj", "{FAD9D754-34C6-46C1-A86F-5923FAEA09B2}"
EndProject
Project("{FAE04EC0-301F-11D3-BF4B-00C04F79EFBC}") = "02. SoftUniParty", "02. SoftUniParty\02. SoftUniParty.csproj", "{307AD5DE-583F-4AB8-8F0D-628FA2D0C6E0}"
EndProject
Global
	GlobalSection(SolutionConfigurationPlatforms) = preSolution
		Debug|Any CPU = Debug|Any CPU
		Release|Any CPU = Release|Any CPU
	EndGlobalSection
	GlobalSection(ProjectConfigurationPlatforms) = postSolution
		{DB5B4087-04AC-47FD-873F-9D9C7754ABAA}.Debug|Any CPU.ActiveCfg = Debug|Any CPU
		{DB5B4087-04AC-47FD-873F-9D9C7754ABAA}.Debug|Any CPU.Build.0 = Debug|Any CPU
		{DB5B4087-04AC-47FD-873F-9D9C7754ABAA}.Release|Any CPU.ActiveCfg = Release|Any CPU
		{DB5B4087-04AC-47FD-873F-9D9C7754ABAA}.Release|Any CPU.Build.0 = Release|Any CPU
		{57F09558-EBAF-42A2-96BB-66A9339202E8}.Debug|Any CPU.ActiveCfg = Debug|Any CPU
		{57F09558-EBAF-42A2-96BB-66A9339202E8}.Debug|Any CPU.Build.0 = Debug|Any CPU
		{57F09558-EBAF-42A2-96BB-66A9339202E8}.Release|Any CPU.ActiveCfg = Release|Any CPU
		{57F09558-EBAF-42A2-96BB-66A9339202E8}.Release|Any CPU.Build.0 = Release|Any CPU
		{FAD9D754-34C6-46C1-A86F-5923FAEA09B2}.Debug|Any CPU.ActiveCfg = Debug|Any CPU
		{FAD9D754-34C6-46C1-A86F-5923FAEA09B2}.Debug|Any CPU.Build.0 = Debug|Any CPU
		{FAD9D754-34C6-46C1-A86F-5923FAEA09B2}.Release|Any CPU.ActiveCfg = Release|Any CPU
		{FAD9D754-34C6-46C1-A86F-5923FAEA09B2}.Release|Any CPU.Build.0 = Release|Any CPU
		{307AD5DE-583F-4AB8-8F0D-628FA2D0C6E0}.Debug|Any CPU.ActiveCfg = Debug|Any CPU
		{307AD5DE-583F-4AB8-8F0D-628FA2D0C6E0}.Debug|Any CPU.Build.0 = Debug|Any CPU
		{307AD5DE-583F-4AB8-8F0D-628FA2D0C6E0}.Release|Any CPU.ActiveCfg = Release|Any CPU
		{307AD5DE-583F-4AB8-8F0D-628FA2D0C6E0}.Release|Any CPU.Build.0 = Release|Any CPU
	EndGlobalSection
	GlobalSection(SolutionProperties) = preSolution
		HideSolutionNode = FALSE
	EndGlobalSection
EndGlobal
